// !$*UTF8*$!
{
	archiveVersion = 1;
	classes = {
	};
	objectVersion = 50;
	objects = {

/* Begin PBXBuildFile section */
		DA0EB7C026562BF800D0ED8E /* SummaryTableViewCell.swift in Sources */ = {isa = PBXBuildFile; fileRef = DA0EB7BF26562BF800D0ED8E /* SummaryTableViewCell.swift */; };
		DA0EB7C226562C1700D0ED8E /* ForecastTableViewCell.swift in Sources */ = {isa = PBXBuildFile; fileRef = DA0EB7C126562C1700D0ED8E /* ForecastTableViewCell.swift */; };
		DA50B6F32668B7AF00BC4E32 /* ApiError.swift in Sources */ = {isa = PBXBuildFile; fileRef = DA50B6F22668B7AF00BC4E32 /* ApiError.swift */; };
		DA50B6F52668B7CA00BC4E32 /* CurrentWeather.swift in Sources */ = {isa = PBXBuildFile; fileRef = DA50B6F42668B7CA00BC4E32 /* CurrentWeather.swift */; };
		DA50B6F72668B7E500BC4E32 /* Forecast.swift in Sources */ = {isa = PBXBuildFile; fileRef = DA50B6F62668B7E500BC4E32 /* Forecast.swift */; };
		DA50B6FC2668B82000BC4E32 /* WeatherDataSource.swift in Sources */ = {isa = PBXBuildFile; fileRef = DA50B6FB2668B82000BC4E32 /* WeatherDataSource.swift */; };
		DA56BA1E266F0BCB0016C17A /* Double+Formatter.swift in Sources */ = {isa = PBXBuildFile; fileRef = DA56BA1D266F0BCB0016C17A /* Double+Formatter.swift */; };
		DAD0BEC5264FB55D004A499D /* AppDelegate.swift in Sources */ = {isa = PBXBuildFile; fileRef = DAD0BEC4264FB55D004A499D /* AppDelegate.swift */; };
		DAD0BEC7264FB55D004A499D /* SceneDelegate.swift in Sources */ = {isa = PBXBuildFile; fileRef = DAD0BEC6264FB55D004A499D /* SceneDelegate.swift */; };
		DAD0BEC9264FB55D004A499D /* ViewController.swift in Sources */ = {isa = PBXBuildFile; fileRef = DAD0BEC8264FB55D004A499D /* ViewController.swift */; };
		DAD0BECC264FB55D004A499D /* Main.storyboard in Resources */ = {isa = PBXBuildFile; fileRef = DAD0BECA264FB55D004A499D /* Main.storyboard */; };
		DAD0BECE264FB55D004A499D /* Assets.xcassets in Resources */ = {isa = PBXBuildFile; fileRef = DAD0BECD264FB55D004A499D /* Assets.xcassets */; };
		DAD0BED1264FB55D004A499D /* LaunchScreen.storyboard in Resources */ = {isa = PBXBuildFile; fileRef = DAD0BECF264FB55D004A499D /* LaunchScreen.storyboard */; };
		DAD0BEDC264FB55D004A499D /* SkyDetectorTests.swift in Sources */ = {isa = PBXBuildFile; fileRef = DAD0BEDB264FB55D004A499D /* SkyDetectorTests.swift */; };
		DAD0BEE7264FB55D004A499D /* SkyDetectorUITests.swift in Sources */ = {isa = PBXBuildFile; fileRef = DAD0BEE6264FB55D004A499D /* SkyDetectorUITests.swift */; };
		DAD0BEF5264FB873004A499D /* common.swift in Sources */ = {isa = PBXBuildFile; fileRef = DAD0BEF4264FB873004A499D /* common.swift */; };
/* End PBXBuildFile section */

/* Begin PBXContainerItemProxy section */
		DAD0BED8264FB55D004A499D /* PBXContainerItemProxy */ = {
			isa = PBXContainerItemProxy;
			containerPortal = DAD0BEB9264FB55D004A499D /* Project object */;
			proxyType = 1;
			remoteGlobalIDString = DAD0BEC0264FB55D004A499D;
			remoteInfo = SkyDetector;
		};
		DAD0BEE3264FB55D004A499D /* PBXContainerItemProxy */ = {
			isa = PBXContainerItemProxy;
			containerPortal = DAD0BEB9264FB55D004A499D /* Project object */;
			proxyType = 1;
			remoteGlobalIDString = DAD0BEC0264FB55D004A499D;
			remoteInfo = SkyDetector;
		};
/* End PBXContainerItemProxy section */

/* Begin PBXFileReference section */
		DA0EB7BF26562BF800D0ED8E /* SummaryTableViewCell.swift */ = {isa = PBXFileReference; lastKnownFileType = sourcecode.swift; path = SummaryTableViewCell.swift; sourceTree = "<group>"; };
		DA0EB7C126562C1700D0ED8E /* ForecastTableViewCell.swift */ = {isa = PBXFileReference; lastKnownFileType = sourcecode.swift; path = ForecastTableViewCell.swift; sourceTree = "<group>"; };
		DA50B6EF26688DC700BC4E32 /* CurrentWeatherApi.playground */ = {isa = PBXFileReference; lastKnownFileType = file.playground; path = CurrentWeatherApi.playground; sourceTree = "<group>"; xcLanguageSpecificationIdentifier = xcode.lang.swift; };
		DA50B6F02668AC1C00BC4E32 /* ForecaseApi.playground */ = {isa = PBXFileReference; lastKnownFileType = file.playground; path = ForecaseApi.playground; sourceTree = "<group>"; xcLanguageSpecificationIdentifier = xcode.lang.swift; };
		DA50B6F22668B7AF00BC4E32 /* ApiError.swift */ = {isa = PBXFileReference; lastKnownFileType = sourcecode.swift; path = ApiError.swift; sourceTree = "<group>"; };
		DA50B6F42668B7CA00BC4E32 /* CurrentWeather.swift */ = {isa = PBXFileReference; lastKnownFileType = sourcecode.swift; path = CurrentWeather.swift; sourceTree = "<group>"; };
		DA50B6F62668B7E500BC4E32 /* Forecast.swift */ = {isa = PBXFileReference; lastKnownFileType = sourcecode.swift; path = Forecast.swift; sourceTree = "<group>"; };
		DA50B6FB2668B82000BC4E32 /* WeatherDataSource.swift */ = {isa = PBXFileReference; lastKnownFileType = sourcecode.swift; path = WeatherDataSource.swift; sourceTree = "<group>"; };
		DA56BA1D266F0BCB0016C17A /* Double+Formatter.swift */ = {isa = PBXFileReference; lastKnownFileType = sourcecode.swift; path = "Double+Formatter.swift"; sourceTree = "<group>"; };
		DAD0BEC1264FB55D004A499D /* SkyDetector.app */ = {isa = PBXFileReference; explicitFileType = wrapper.application; includeInIndex = 0; path = SkyDetector.app; sourceTree = BUILT_PRODUCTS_DIR; };
		DAD0BEC4264FB55D004A499D /* AppDelegate.swift */ = {isa = PBXFileReference; lastKnownFileType = sourcecode.swift; path = AppDelegate.swift; sourceTree = "<group>"; };
		DAD0BEC6264FB55D004A499D /* SceneDelegate.swift */ = {isa = PBXFileReference; lastKnownFileType = sourcecode.swift; path = SceneDelegate.swift; sourceTree = "<group>"; };
		DAD0BEC8264FB55D004A499D /* ViewController.swift */ = {isa = PBXFileReference; lastKnownFileType = sourcecode.swift; path = ViewController.swift; sourceTree = "<group>"; };
		DAD0BECB264FB55D004A499D /* Base */ = {isa = PBXFileReference; lastKnownFileType = file.storyboard; name = Base; path = Base.lproj/Main.storyboard; sourceTree = "<group>"; };
		DAD0BECD264FB55D004A499D /* Assets.xcassets */ = {isa = PBXFileReference; lastKnownFileType = folder.assetcatalog; path = Assets.xcassets; sourceTree = "<group>"; };
		DAD0BED0264FB55D004A499D /* Base */ = {isa = PBXFileReference; lastKnownFileType = file.storyboard; name = Base; path = Base.lproj/LaunchScreen.storyboard; sourceTree = "<group>"; };
		DAD0BED2264FB55D004A499D /* Info.plist */ = {isa = PBXFileReference; lastKnownFileType = text.plist.xml; path = Info.plist; sourceTree = "<group>"; };
		DAD0BED7264FB55D004A499D /* SkyDetectorTests.xctest */ = {isa = PBXFileReference; explicitFileType = wrapper.cfbundle; includeInIndex = 0; path = SkyDetectorTests.xctest; sourceTree = BUILT_PRODUCTS_DIR; };
		DAD0BEDB264FB55D004A499D /* SkyDetectorTests.swift */ = {isa = PBXFileReference; lastKnownFileType = sourcecode.swift; path = SkyDetectorTests.swift; sourceTree = "<group>"; };
		DAD0BEDD264FB55D004A499D /* Info.plist */ = {isa = PBXFileReference; lastKnownFileType = text.plist.xml; path = Info.plist; sourceTree = "<group>"; };
		DAD0BEE2264FB55D004A499D /* SkyDetectorUITests.xctest */ = {isa = PBXFileReference; explicitFileType = wrapper.cfbundle; includeInIndex = 0; path = SkyDetectorUITests.xctest; sourceTree = BUILT_PRODUCTS_DIR; };
		DAD0BEE6264FB55D004A499D /* SkyDetectorUITests.swift */ = {isa = PBXFileReference; lastKnownFileType = sourcecode.swift; path = SkyDetectorUITests.swift; sourceTree = "<group>"; };
		DAD0BEE8264FB55D004A499D /* Info.plist */ = {isa = PBXFileReference; lastKnownFileType = text.plist.xml; path = Info.plist; sourceTree = "<group>"; };
		DAD0BEF4264FB873004A499D /* common.swift */ = {isa = PBXFileReference; lastKnownFileType = sourcecode.swift; path = common.swift; sourceTree = "<group>"; };
/* End PBXFileReference section */

/* Begin PBXFrameworksBuildPhase section */
		DAD0BEBE264FB55D004A499D /* Frameworks */ = {
			isa = PBXFrameworksBuildPhase;
			buildActionMask = 2147483647;
			files = (
			);
			runOnlyForDeploymentPostprocessing = 0;
		};
		DAD0BED4264FB55D004A499D /* Frameworks */ = {
			isa = PBXFrameworksBuildPhase;
			buildActionMask = 2147483647;
			files = (
			);
			runOnlyForDeploymentPostprocessing = 0;
		};
		DAD0BEDF264FB55D004A499D /* Frameworks */ = {
			isa = PBXFrameworksBuildPhase;
			buildActionMask = 2147483647;
			files = (
			);
			runOnlyForDeploymentPostprocessing = 0;
		};
/* End PBXFrameworksBuildPhase section */

/* Begin PBXGroup section */
		DA0EB7BE26562BCB00D0ED8E /* Cell */ = {
			isa = PBXGroup;
			children = (
				DA0EB7BF26562BF800D0ED8E /* SummaryTableViewCell.swift */,
				DA0EB7C126562C1700D0ED8E /* ForecastTableViewCell.swift */,
			);
			path = Cell;
			sourceTree = "<group>";
		};
		DA50B6EE26688DA700BC4E32 /* Api */ = {
			isa = PBXGroup;
			children = (
				DA50B6EF26688DC700BC4E32 /* CurrentWeatherApi.playground */,
				DA50B6F02668AC1C00BC4E32 /* ForecaseApi.playground */,
			);
			path = Api;
			sourceTree = "<group>";
		};
		DA50B6F12668B79A00BC4E32 /* Model */ = {
			isa = PBXGroup;
			children = (
				DA50B6F22668B7AF00BC4E32 /* ApiError.swift */,
				DA50B6F42668B7CA00BC4E32 /* CurrentWeather.swift */,
				DA50B6F62668B7E500BC4E32 /* Forecast.swift */,
			);
			path = Model;
			sourceTree = "<group>";
		};
		DA50B6FA2668B81500BC4E32 /* Data */ = {
			isa = PBXGroup;
			children = (
				DA50B6FB2668B82000BC4E32 /* WeatherDataSource.swift */,
			);
			path = Data;
			sourceTree = "<group>";
		};
		DA56BA1C266F0B9F0016C17A /* Formatter */ = {
			isa = PBXGroup;
			children = (
				DA56BA1D266F0BCB0016C17A /* Double+Formatter.swift */,
			);
			path = Formatter;
			sourceTree = "<group>";
		};
		DAD0BEB8264FB55D004A499D = {
			isa = PBXGroup;
			children = (
				DAD0BEC3264FB55D004A499D /* SkyDetector */,
				DAD0BEDA264FB55D004A499D /* SkyDetectorTests */,
				DAD0BEE5264FB55D004A499D /* SkyDetectorUITests */,
				DAD0BEC2264FB55D004A499D /* Products */,
			);
			sourceTree = "<group>";
		};
		DAD0BEC2264FB55D004A499D /* Products */ = {
			isa = PBXGroup;
			children = (
				DAD0BEC1264FB55D004A499D /* SkyDetector.app */,
				DAD0BED7264FB55D004A499D /* SkyDetectorTests.xctest */,
				DAD0BEE2264FB55D004A499D /* SkyDetectorUITests.xctest */,
			);
			name = Products;
			sourceTree = "<group>";
		};
		DAD0BEC3264FB55D004A499D /* SkyDetector */ = {
			isa = PBXGroup;
			children = (
				DA56BA1C266F0B9F0016C17A /* Formatter */,
				DA50B6FA2668B81500BC4E32 /* Data */,
				DA50B6F12668B79A00BC4E32 /* Model */,
				DA50B6EE26688DA700BC4E32 /* Api */,
				DA0EB7BE26562BCB00D0ED8E /* Cell */,
				DAD0BEC4264FB55D004A499D /* AppDelegate.swift */,
				DAD0BEC6264FB55D004A499D /* SceneDelegate.swift */,
				DAD0BEF4264FB873004A499D /* common.swift */,
				DAD0BEC8264FB55D004A499D /* ViewController.swift */,
				DAD0BECA264FB55D004A499D /* Main.storyboard */,
				DAD0BECD264FB55D004A499D /* Assets.xcassets */,
				DAD0BECF264FB55D004A499D /* LaunchScreen.storyboard */,
				DAD0BED2264FB55D004A499D /* Info.plist */,
			);
			path = SkyDetector;
			sourceTree = "<group>";
		};
		DAD0BEDA264FB55D004A499D /* SkyDetectorTests */ = {
			isa = PBXGroup;
			children = (
				DAD0BEDB264FB55D004A499D /* SkyDetectorTests.swift */,
				DAD0BEDD264FB55D004A499D /* Info.plist */,
			);
			path = SkyDetectorTests;
			sourceTree = "<group>";
		};
		DAD0BEE5264FB55D004A499D /* SkyDetectorUITests */ = {
			isa = PBXGroup;
			children = (
				DAD0BEE6264FB55D004A499D /* SkyDetectorUITests.swift */,
				DAD0BEE8264FB55D004A499D /* Info.plist */,
			);
			path = SkyDetectorUITests;
			sourceTree = "<group>";
		};
/* End PBXGroup section */

/* Begin PBXNativeTarget section */
		DAD0BEC0264FB55D004A499D /* SkyDetector */ = {
			isa = PBXNativeTarget;
			buildConfigurationList = DAD0BEEB264FB55D004A499D /* Build configuration list for PBXNativeTarget "SkyDetector" */;
			buildPhases = (
				DAD0BEBD264FB55D004A499D /* Sources */,
				DAD0BEBE264FB55D004A499D /* Frameworks */,
				DAD0BEBF264FB55D004A499D /* Resources */,
			);
			buildRules = (
			);
			dependencies = (
			);
			name = SkyDetector;
			productName = SkyDetector;
			productReference = DAD0BEC1264FB55D004A499D /* SkyDetector.app */;
			productType = "com.apple.product-type.application";
		};
		DAD0BED6264FB55D004A499D /* SkyDetectorTests */ = {
			isa = PBXNativeTarget;
			buildConfigurationList = DAD0BEEE264FB55D004A499D /* Build configuration list for PBXNativeTarget "SkyDetectorTests" */;
			buildPhases = (
				DAD0BED3264FB55D004A499D /* Sources */,
				DAD0BED4264FB55D004A499D /* Frameworks */,
				DAD0BED5264FB55D004A499D /* Resources */,
			);
			buildRules = (
			);
			dependencies = (
				DAD0BED9264FB55D004A499D /* PBXTargetDependency */,
			);
			name = SkyDetectorTests;
			productName = SkyDetectorTests;
			productReference = DAD0BED7264FB55D004A499D /* SkyDetectorTests.xctest */;
			productType = "com.apple.product-type.bundle.unit-test";
		};
		DAD0BEE1264FB55D004A499D /* SkyDetectorUITests */ = {
			isa = PBXNativeTarget;
			buildConfigurationList = DAD0BEF1264FB55D004A499D /* Build configuration list for PBXNativeTarget "SkyDetectorUITests" */;
			buildPhases = (
				DAD0BEDE264FB55D004A499D /* Sources */,
				DAD0BEDF264FB55D004A499D /* Frameworks */,
				DAD0BEE0264FB55D004A499D /* Resources */,
			);
			buildRules = (
			);
			dependencies = (
				DAD0BEE4264FB55D004A499D /* PBXTargetDependency */,
			);
			name = SkyDetectorUITests;
			productName = SkyDetectorUITests;
			productReference = DAD0BEE2264FB55D004A499D /* SkyDetectorUITests.xctest */;
			productType = "com.apple.product-type.bundle.ui-testing";
		};
/* End PBXNativeTarget section */

/* Begin PBXProject section */
		DAD0BEB9264FB55D004A499D /* Project object */ = {
			isa = PBXProject;
			attributes = {
				LastSwiftUpdateCheck = 1250;
				LastUpgradeCheck = 1250;
				TargetAttributes = {
					DAD0BEC0264FB55D004A499D = {
						CreatedOnToolsVersion = 12.5;
					};
					DAD0BED6264FB55D004A499D = {
						CreatedOnToolsVersion = 12.5;
						TestTargetID = DAD0BEC0264FB55D004A499D;
					};
					DAD0BEE1264FB55D004A499D = {
						CreatedOnToolsVersion = 12.5;
						TestTargetID = DAD0BEC0264FB55D004A499D;
					};
				};
			};
			buildConfigurationList = DAD0BEBC264FB55D004A499D /* Build configuration list for PBXProject "SkyDetector" */;
			compatibilityVersion = "Xcode 9.3";
			developmentRegion = en;
			hasScannedForEncodings = 0;
			knownRegions = (
				en,
				Base,
			);
			mainGroup = DAD0BEB8264FB55D004A499D;
			productRefGroup = DAD0BEC2264FB55D004A499D /* Products */;
			projectDirPath = "";
			projectRoot = "";
			targets = (
				DAD0BEC0264FB55D004A499D /* SkyDetector */,
				DAD0BED6264FB55D004A499D /* SkyDetectorTests */,
				DAD0BEE1264FB55D004A499D /* SkyDetectorUITests */,
			);
		};
/* End PBXProject section */

/* Begin PBXResourcesBuildPhase section */
		DAD0BEBF264FB55D004A499D /* Resources */ = {
			isa = PBXResourcesBuildPhase;
			buildActionMask = 2147483647;
			files = (
				DAD0BED1264FB55D004A499D /* LaunchScreen.storyboard in Resources */,
				DAD0BECE264FB55D004A499D /* Assets.xcassets in Resources */,
				DAD0BECC264FB55D004A499D /* Main.storyboard in Resources */,
			);
			runOnlyForDeploymentPostprocessing = 0;
		};
		DAD0BED5264FB55D004A499D /* Resources */ = {
			isa = PBXResourcesBuildPhase;
			buildActionMask = 2147483647;
			files = (
			);
			runOnlyForDeploymentPostprocessing = 0;
		};
		DAD0BEE0264FB55D004A499D /* Resources */ = {
			isa = PBXResourcesBuildPhase;
			buildActionMask = 2147483647;
			files = (
			);
			runOnlyForDeploymentPostprocessing = 0;
		};
/* End PBXResourcesBuildPhase section */

/* Begin PBXSourcesBuildPhase section */
		DAD0BEBD264FB55D004A499D /* Sources */ = {
			isa = PBXSourcesBuildPhase;
			buildActionMask = 2147483647;
			files = (
				DA50B6F32668B7AF00BC4E32 /* ApiError.swift in Sources */,
				DA0EB7C226562C1700D0ED8E /* ForecastTableViewCell.swift in Sources */,
				DA50B6F52668B7CA00BC4E32 /* CurrentWeather.swift in Sources */,
				DA56BA1E266F0BCB0016C17A /* Double+Formatter.swift in Sources */,
				DAD0BEF5264FB873004A499D /* common.swift in Sources */,
				DA50B6F72668B7E500BC4E32 /* Forecast.swift in Sources */,
				DAD0BEC9264FB55D004A499D /* ViewController.swift in Sources */,
				DAD0BEC5264FB55D004A499D /* AppDelegate.swift in Sources */,
				DA50B6FC2668B82000BC4E32 /* WeatherDataSource.swift in Sources */,
				DA0EB7C026562BF800D0ED8E /* SummaryTableViewCell.swift in Sources */,
				DAD0BEC7264FB55D004A499D /* SceneDelegate.swift in Sources */,
			);
			runOnlyForDeploymentPostprocessing = 0;
		};
		DAD0BED3264FB55D004A499D /* Sources */ = {
			isa = PBXSourcesBuildPhase;
			buildActionMask = 2147483647;
			files = (
				DAD0BEDC264FB55D004A499D /* SkyDetectorTests.swift in Sources */,
			);
			runOnlyForDeploymentPostprocessing = 0;
		};
		DAD0BEDE264FB55D004A499D /* Sources */ = {
			isa = PBXSourcesBuildPhase;
			buildActionMask = 2147483647;
			files = (
				DAD0BEE7264FB55D004A499D /* SkyDetectorUITests.swift in Sources */,
			);
			runOnlyForDeploymentPostprocessing = 0;
		};
/* End PBXSourcesBuildPhase section */

/* Begin PBXTargetDependency section */
		DAD0BED9264FB55D004A499D /* PBXTargetDependency */ = {
			isa = PBXTargetDependency;
			target = DAD0BEC0264FB55D004A499D /* SkyDetector */;
			targetProxy = DAD0BED8264FB55D004A499D /* PBXContainerItemProxy */;
		};
		DAD0BEE4264FB55D004A499D /* PBXTargetDependency */ = {
			isa = PBXTargetDependency;
			target = DAD0BEC0264FB55D004A499D /* SkyDetector */;
			targetProxy = DAD0BEE3264FB55D004A499D /* PBXContainerItemProxy */;
		};
/* End PBXTargetDependency section */

/* Begin PBXVariantGroup section */
		DAD0BECA264FB55D004A499D /* Main.storyboard */ = {
			isa = PBXVariantGroup;
			children = (
				DAD0BECB264FB55D004A499D /* Base */,
			);
			name = Main.storyboard;
			sourceTree = "<group>";
		};
		DAD0BECF264FB55D004A499D /* LaunchScreen.storyboard */ = {
			isa = PBXVariantGroup;
			children = (
				DAD0BED0264FB55D004A499D /* Base */,
			);
			name = LaunchScreen.storyboard;
			sourceTree = "<group>";
		};
/* End PBXVariantGroup section */

/* Begin XCBuildConfiguration section */
		DAD0BEE9264FB55D004A499D /* Debug */ = {
			isa = XCBuildConfiguration;
			buildSettings = {
				ALWAYS_SEARCH_USER_PATHS = NO;
				CLANG_ANALYZER_NONNULL = YES;
				CLANG_ANALYZER_NUMBER_OBJECT_CONVERSION = YES_AGGRESSIVE;
				CLANG_CXX_LANGUAGE_STANDARD = "gnu++14";
				CLANG_CXX_LIBRARY = "libc++";
				CLANG_ENABLE_MODULES = YES;
				CLANG_ENABLE_OBJC_ARC = YES;
				CLANG_ENABLE_OBJC_WEAK = YES;
				CLANG_WARN_BLOCK_CAPTURE_AUTORELEASING = YES;
				CLANG_WARN_BOOL_CONVERSION = YES;
				CLANG_WARN_COMMA = YES;
				CLANG_WARN_CONSTANT_CONVERSION = YES;
				CLANG_WARN_DEPRECATED_OBJC_IMPLEMENTATIONS = YES;
				CLANG_WARN_DIRECT_OBJC_ISA_USAGE = YES_ERROR;
				CLANG_WARN_DOCUMENTATION_COMMENTS = YES;
				CLANG_WARN_EMPTY_BODY = YES;
				CLANG_WARN_ENUM_CONVERSION = YES;
				CLANG_WARN_INFINITE_RECURSION = YES;
				CLANG_WARN_INT_CONVERSION = YES;
				CLANG_WARN_NON_LITERAL_NULL_CONVERSION = YES;
				CLANG_WARN_OBJC_IMPLICIT_RETAIN_SELF = YES;
				CLANG_WARN_OBJC_LITERAL_CONVERSION = YES;
				CLANG_WARN_OBJC_ROOT_CLASS = YES_ERROR;
				CLANG_WARN_QUOTED_INCLUDE_IN_FRAMEWORK_HEADER = YES;
				CLANG_WARN_RANGE_LOOP_ANALYSIS = YES;
				CLANG_WARN_STRICT_PROTOTYPES = YES;
				CLANG_WARN_SUSPICIOUS_MOVE = YES;
				CLANG_WARN_UNGUARDED_AVAILABILITY = YES_AGGRESSIVE;
				CLANG_WARN_UNREACHABLE_CODE = YES;
				CLANG_WARN__DUPLICATE_METHOD_MATCH = YES;
				COPY_PHASE_STRIP = NO;
				DEBUG_INFORMATION_FORMAT = dwarf;
				ENABLE_STRICT_OBJC_MSGSEND = YES;
				ENABLE_TESTABILITY = YES;
				GCC_C_LANGUAGE_STANDARD = gnu11;
				GCC_DYNAMIC_NO_PIC = NO;
				GCC_NO_COMMON_BLOCKS = YES;
				GCC_OPTIMIZATION_LEVEL = 0;
				GCC_PREPROCESSOR_DEFINITIONS = (
					"DEBUG=1",
					"$(inherited)",
				);
				GCC_WARN_64_TO_32_BIT_CONVERSION = YES;
				GCC_WARN_ABOUT_RETURN_TYPE = YES_ERROR;
				GCC_WARN_UNDECLARED_SELECTOR = YES;
				GCC_WARN_UNINITIALIZED_AUTOS = YES_AGGRESSIVE;
				GCC_WARN_UNUSED_FUNCTION = YES;
				GCC_WARN_UNUSED_VARIABLE = YES;
				IPHONEOS_DEPLOYMENT_TARGET = 14.5;
				MTL_ENABLE_DEBUG_INFO = INCLUDE_SOURCE;
				MTL_FAST_MATH = YES;
				ONLY_ACTIVE_ARCH = YES;
				SDKROOT = iphoneos;
				SWIFT_ACTIVE_COMPILATION_CONDITIONS = DEBUG;
				SWIFT_OPTIMIZATION_LEVEL = "-Onone";
			};
			name = Debug;
		};
		DAD0BEEA264FB55D004A499D /* Release */ = {
			isa = XCBuildConfiguration;
			buildSettings = {
				ALWAYS_SEARCH_USER_PATHS = NO;
				CLANG_ANALYZER_NONNULL = YES;
				CLANG_ANALYZER_NUMBER_OBJECT_CONVERSION = YES_AGGRESSIVE;
				CLANG_CXX_LANGUAGE_STANDARD = "gnu++14";
				CLANG_CXX_LIBRARY = "libc++";
				CLANG_ENABLE_MODULES = YES;
				CLANG_ENABLE_OBJC_ARC = YES;
				CLANG_ENABLE_OBJC_WEAK = YES;
				CLANG_WARN_BLOCK_CAPTURE_AUTORELEASING = YES;
				CLANG_WARN_BOOL_CONVERSION = YES;
				CLANG_WARN_COMMA = YES;
				CLANG_WARN_CONSTANT_CONVERSION = YES;
				CLANG_WARN_DEPRECATED_OBJC_IMPLEMENTATIONS = YES;
				CLANG_WARN_DIRECT_OBJC_ISA_USAGE = YES_ERROR;
				CLANG_WARN_DOCUMENTATION_COMMENTS = YES;
				CLANG_WARN_EMPTY_BODY = YES;
				CLANG_WARN_ENUM_CONVERSION = YES;
				CLANG_WARN_INFINITE_RECURSION = YES;
				CLANG_WARN_INT_CONVERSION = YES;
				CLANG_WARN_NON_LITERAL_NULL_CONVERSION = YES;
				CLANG_WARN_OBJC_IMPLICIT_RETAIN_SELF = YES;
				CLANG_WARN_OBJC_LITERAL_CONVERSION = YES;
				CLANG_WARN_OBJC_ROOT_CLASS = YES_ERROR;
				CLANG_WARN_QUOTED_INCLUDE_IN_FRAMEWORK_HEADER = YES;
				CLANG_WARN_RANGE_LOOP_ANALYSIS = YES;
				CLANG_WARN_STRICT_PROTOTYPES = YES;
				CLANG_WARN_SUSPICIOUS_MOVE = YES;
				CLANG_WARN_UNGUARDED_AVAILABILITY = YES_AGGRESSIVE;
				CLANG_WARN_UNREACHABLE_CODE = YES;
				CLANG_WARN__DUPLICATE_METHOD_MATCH = YES;
				COPY_PHASE_STRIP = NO;
				DEBUG_INFORMATION_FORMAT = "dwarf-with-dsym";
				ENABLE_NS_ASSERTIONS = NO;
				ENABLE_STRICT_OBJC_MSGSEND = YES;
				GCC_C_LANGUAGE_STANDARD = gnu11;
				GCC_NO_COMMON_BLOCKS = YES;
				GCC_WARN_64_TO_32_BIT_CONVERSION = YES;
				GCC_WARN_ABOUT_RETURN_TYPE = YES_ERROR;
				GCC_WARN_UNDECLARED_SELECTOR = YES;
				GCC_WARN_UNINITIALIZED_AUTOS = YES_AGGRESSIVE;
				GCC_WARN_UNUSED_FUNCTION = YES;
				GCC_WARN_UNUSED_VARIABLE = YES;
				IPHONEOS_DEPLOYMENT_TARGET = 14.5;
				MTL_ENABLE_DEBUG_INFO = NO;
				MTL_FAST_MATH = YES;
				SDKROOT = iphoneos;
				SWIFT_COMPILATION_MODE = wholemodule;
				SWIFT_OPTIMIZATION_LEVEL = "-O";
				VALIDATE_PRODUCT = YES;
			};
			name = Release;
		};
		DAD0BEEC264FB55D004A499D /* Debug */ = {
			isa = XCBuildConfiguration;
			buildSettings = {
				ASSETCATALOG_COMPILER_APPICON_NAME = AppIcon;
				ASSETCATALOG_COMPILER_GLOBAL_ACCENT_COLOR_NAME = AccentColor;
				CODE_SIGN_STYLE = Automatic;
				DEVELOPMENT_TEAM = M3U22RZ325;
				INFOPLIST_FILE = SkyDetector/Info.plist;
				IPHONEOS_DEPLOYMENT_TARGET = 11.0;
				LD_RUNPATH_SEARCH_PATHS = (
					"$(inherited)",
					"@executable_path/Frameworks",
				);
				PRODUCT_BUNDLE_IDENTIFIER = com.dev.SkyDetector;
				PRODUCT_NAME = "$(TARGET_NAME)";
				SWIFT_VERSION = 5.0;
				TARGETED_DEVICE_FAMILY = "1,2";
			};
			name = Debug;
		};
		DAD0BEED264FB55D004A499D /* Release */ = {
			isa = XCBuildConfiguration;
			buildSettings = {
				ASSETCATALOG_COMPILER_APPICON_NAME = AppIcon;
				ASSETCATALOG_COMPILER_GLOBAL_ACCENT_COLOR_NAME = AccentColor;
				CODE_SIGN_STYLE = Automatic;
				DEVELOPMENT_TEAM = M3U22RZ325;
				INFOPLIST_FILE = SkyDetector/Info.plist;
				IPHONEOS_DEPLOYMENT_TARGET = 11.0;
				LD_RUNPATH_SEARCH_PATHS = (
					"$(inherited)",
					"@executable_path/Frameworks",
				);
				PRODUCT_BUNDLE_IDENTIFIER = com.dev.SkyDetector;
				PRODUCT_NAME = "$(TARGET_NAME)";
				SWIFT_VERSION = 5.0;
				TARGETED_DEVICE_FAMILY = "1,2";
			};
			name = Release;
		};
		DAD0BEEF264FB55D004A499D /* Debug */ = {
			isa = XCBuildConfiguration;
			buildSettings = {
				ALWAYS_EMBED_SWIFT_STANDARD_LIBRARIES = YES;
				BUNDLE_LOADER = "$(TEST_HOST)";
				CODE_SIGN_STYLE = Automatic;
				DEVELOPMENT_TEAM = M3U22RZ325;
				INFOPLIST_FILE = SkyDetectorTests/Info.plist;
				IPHONEOS_DEPLOYMENT_TARGET = 14.5;
				LD_RUNPATH_SEARCH_PATHS = (
					"$(inherited)",
					"@executable_path/Frameworks",
					"@loader_path/Frameworks",
				);
				PRODUCT_BUNDLE_IDENTIFIER = com.dev.SkyDetectorTests;
				PRODUCT_NAME = "$(TARGET_NAME)";
				SWIFT_VERSION = 5.0;
				TARGETED_DEVICE_FAMILY = "1,2";
				TEST_HOST = "$(BUILT_PRODUCTS_DIR)/SkyDetector.app/SkyDetector";
			};
			name = Debug;
		};
		DAD0BEF0264FB55D004A499D /* Release */ = {
			isa = XCBuildConfiguration;
			buildSettings = {
				ALWAYS_EMBED_SWIFT_STANDARD_LIBRARIES = YES;
				BUNDLE_LOADER = "$(TEST_HOST)";
				CODE_SIGN_STYLE = Automatic;
				DEVELOPMENT_TEAM = M3U22RZ325;
				INFOPLIST_FILE = SkyDetectorTests/Info.plist;
				IPHONEOS_DEPLOYMENT_TARGET = 14.5;
				LD_RUNPATH_SEARCH_PATHS = (
					"$(inherited)",
					"@executable_path/Frameworks",
					"@loader_path/Frameworks",
				);
				PRODUCT_BUNDLE_IDENTIFIER = com.dev.SkyDetectorTests;
				PRODUCT_NAME = "$(TARGET_NAME)";
				SWIFT_VERSION = 5.0;
				TARGETED_DEVICE_FAMILY = "1,2";
				TEST_HOST = "$(BUILT_PRODUCTS_DIR)/SkyDetector.app/SkyDetector";
			};
			name = Release;
		};
		DAD0BEF2264FB55D004A499D /* Debug */ = {
			isa = XCBuildConfiguration;
			buildSettings = {
				ALWAYS_EMBED_SWIFT_STANDARD_LIBRARIES = YES;
				CODE_SIGN_STYLE = Automatic;
				DEVELOPMENT_TEAM = M3U22RZ325;
				INFOPLIST_FILE = SkyDetectorUITests/Info.plist;
				LD_RUNPATH_SEARCH_PATHS = (
					"$(inherited)",
					"@executable_path/Frameworks",
					"@loader_path/Frameworks",
				);
				PRODUCT_BUNDLE_IDENTIFIER = com.dev.SkyDetectorUITests;
				PRODUCT_NAME = "$(TARGET_NAME)";
				SWIFT_VERSION = 5.0;
				TARGETED_DEVICE_FAMILY = "1,2";
				TEST_TARGET_NAME = SkyDetector;
			};
			name = Debug;
		};
		DAD0BEF3264FB55D004A499D /* Release */ = {
			isa = XCBuildConfiguration;
			buildSettings = {
				ALWAYS_EMBED_SWIFT_STANDARD_LIBRARIES = YES;
				CODE_SIGN_STYLE = Automatic;
				DEVELOPMENT_TEAM = M3U22RZ325;
				INFOPLIST_FILE = SkyDetectorUITests/Info.plist;
				LD_RUNPATH_SEARCH_PATHS = (
					"$(inherited)",
					"@executable_path/Frameworks",
					"@loader_path/Frameworks",
				);
				PRODUCT_BUNDLE_IDENTIFIER = com.dev.SkyDetectorUITests;
				PRODUCT_NAME = "$(TARGET_NAME)";
				SWIFT_VERSION = 5.0;
				TARGETED_DEVICE_FAMILY = "1,2";
				TEST_TARGET_NAME = SkyDetector;
			};
			name = Release;
		};
/* End XCBuildConfiguration section */

/* Begin XCConfigurationList section */
		DAD0BEBC264FB55D004A499D /* Build configuration list for PBXProject "SkyDetector" */ = {
			isa = XCConfigurationList;
			buildConfigurations = (
				DAD0BEE9264FB55D004A499D /* Debug */,
				DAD0BEEA264FB55D004A499D /* Release */,
			);
			defaultConfigurationIsVisible = 0;
			defaultConfigurationName = Release;
		};
		DAD0BEEB264FB55D004A499D /* Build configuration list for PBXNativeTarget "SkyDetector" */ = {
			isa = XCConfigurationList;
			buildConfigurations = (
				DAD0BEEC264FB55D004A499D /* Debug */,
				DAD0BEED264FB55D004A499D /* Release */,
			);
			defaultConfigurationIsVisible = 0;
			defaultConfigurationName = Release;
		};
		DAD0BEEE264FB55D004A499D /* Build configuration list for PBXNativeTarget "SkyDetectorTests" */ = {
			isa = XCConfigurationList;
			buildConfigurations = (
				DAD0BEEF264FB55D004A499D /* Debug */,
				DAD0BEF0264FB55D004A499D /* Release */,
			);
			defaultConfigurationIsVisible = 0;
			defaultConfigurationName = Release;
		};
		DAD0BEF1264FB55D004A499D /* Build configuration list for PBXNativeTarget "SkyDetectorUITests" */ = {
			isa = XCConfigurationList;
			buildConfigurations = (
				DAD0BEF2264FB55D004A499D /* Debug */,
				DAD0BEF3264FB55D004A499D /* Release */,
			);
			defaultConfigurationIsVisible = 0;
			defaultConfigurationName = Release;
		};
/* End XCConfigurationList section */
	};
	rootObject = DAD0BEB9264FB55D004A499D /* Project object */;
}
